
Microsoft Visual Studio Solution File, Format Version 12.00
Project("{FAE04EC0-301F-11D3-BF4B-00C04F79EFBC}") = "GodotUnpack", "GodotUnpack\GodotUnpack.csproj", "{8BB76326-CF5D-4498-9F57-BC00A5C402AC}"
EndProject
Global
	GlobalSection(SolutionConfigurationPlatforms) = preSolution
		Debug|Any CPU = Debug|Any CPU
		Release|Any CPU = Release|Any CPU
	EndGlobalSection
	GlobalSection(ProjectConfigurationPlatforms) = postSolution
		{8BB76326-CF5D-4498-9F57-BC00A5C402AC}.Debug|Any CPU.ActiveCfg = Debug|Any CPU
		{8BB76326-CF5D-4498-9F57-BC00A5C402AC}.Debug|Any CPU.Build.0 = Debug|Any CPU
		{8BB76326-CF5D-4498-9F57-BC00A5C402AC}.Release|Any CPU.ActiveCfg = Release|Any CPU
		{8BB76326-CF5D-4498-9F57-BC00A5C402AC}.Release|Any CPU.Build.0 = Release|Any CPU
	EndGlobalSection
EndGlobal
